
Microsoft Visual Studio Solution File, Format Version 12.00
# Visual Studio 2013
VisualStudioVersion = 12.0.31101.0
MinimumVisualStudioVersion = 10.0.40219.1
Project("{FAE04EC0-301F-11D3-BF4B-00C04F79EFBC}") = "OIDE", "OIDE.csproj", "{3AF9375C-A620-45CC-8397-8F678BEE0E2B}"
EndProject
Project("{FAE04EC0-301F-11D3-BF4B-00C04F79EFBC}") = "OIDE.Core", "..\OIDE.Core\OIDE.Core.csproj", "{AF583DCA-3BE7-4DB4-9125-81E7FF5934D2}"
EndProject
Project("{FAE04EC0-301F-11D3-BF4B-00C04F79EFBC}") = "OIDE.Gorilla", "..\OIDE.Gorilla\OIDE.Gorilla.csproj", "{ECC54102-681C-4758-9812-3C5EA99D17AC}"
EndProject
Project("{FAE04EC0-301F-11D3-BF4B-00C04F79EFBC}") = "OIDE.Scene", "..\OIDE.Scene\OIDE.Scene.csproj", "{A589197E-E002-4DBA-B27F-DD16B9A81BFA}"
EndProject
Project("{FAE04EC0-301F-11D3-BF4B-00C04F79EFBC}") = "Module.Core", "..\..\Modules\Module.Core\Module.Core.csproj", "{5F4A71C7-8FDA-464F-A200-9F77D862AEF8}"
EndProject
Project("{FAE04EC0-301F-11D3-BF4B-00C04F79EFBC}") = "Module.DB", "..\..\Modules\Module.DB\Module.DB.csproj", "{979E1B6A-60D2-4DBE-A9FB-B66B54E962AB}"
EndProject
Project("{FAE04EC0-301F-11D3-BF4B-00C04F79EFBC}") = "Module.PFExplorer", "..\..\Modules\Module.PFExplorer\Module.PFExplorer.csproj", "{BDD65D63-A9EC-4EA4-8265-A2FAB6601DFA}"
EndProject
Project("{FAE04EC0-301F-11D3-BF4B-00C04F79EFBC}") = "Module.Properties", "..\..\Modules\Module.Properties\Module.Properties.csproj", "{600E958F-0DCE-4D63-BF11-93292B1D8C18}"
EndProject
Project("{FAE04EC0-301F-11D3-BF4B-00C04F79EFBC}") = "Module.Protob", "..\..\Modules\Module.Protob\Module.Protob.csproj", "{EC85E3A5-DF5C-4FF2-BB0D-AAC9CC42D855}"
EndProject
Project("{FAE04EC0-301F-11D3-BF4B-00C04F79EFBC}") = "Module.Search", "..\..\Modules\Module.Search\Module.Search.csproj", "{E9593D0F-6D26-4A0D-9EB4-59EF9EBAB527}"
EndProject
Project("{FAE04EC0-301F-11D3-BF4B-00C04F79EFBC}") = "Module.Tools.Logger", "..\..\Modules\Module.Tools.Logger\Module.Tools.Logger.csproj", "{982D3282-82A0-4586-99ED-F60D2FD67517}"
EndProject
Project("{FAE04EC0-301F-11D3-BF4B-00C04F79EFBC}") = "Module.Wizard", "..\..\Modules\Module.Wizard\Module.Wizard.csproj", "{B12C5D92-D835-49AB-A00A-71A5538409D8}"
EndProject
Project("{FAE04EC0-301F-11D3-BF4B-00C04F79EFBC}") = "Module.XML", "..\..\Modules\Module.XML\Module.XML.csproj", "{CCD23C66-D7EF-42FD-82CF-701E8D59009E}"
EndProject
Project("{FAE04EC0-301F-11D3-BF4B-00C04F79EFBC}") = "Wpf.DragDrop (NET4)", "..\..\Modules\Wpf.DragDrop\Wpf.DragDrop (NET4).csproj", "{0C6674CC-6D49-414A-9B41-D4E175028FFB}"
EndProject
Project("{FAE04EC0-301F-11D3-BF4B-00C04F79EFBC}") = "Module.History", "..\..\Modules\Module.History\Module.History.csproj", "{2523F3DD-8629-41E5-BCC5-79EA9A439E38}"
EndProject
Project("{FAE04EC0-301F-11D3-BF4B-00C04F79EFBC}") = "OIDE.AssetBrowser", "..\OIDE.AssetBrowser\OIDE.AssetBrowser.csproj", "{CB6B9693-8B57-47B1-8DFC-3C46C6A7F291}"
EndProject
Project("{FAE04EC0-301F-11D3-BF4B-00C04F79EFBC}") = "OIDE.RenderImage", "..\OIDE.RenderImage\OIDE.RenderImage.csproj", "{9F3B07C6-7C14-4AFB-BF4B-8EB2FE81D361}"
EndProject
Project("{FAE04EC0-301F-11D3-BF4B-00C04F79EFBC}") = "OIDE.InteropEditor", "..\OIDE.InteropEditor\OIDE.InteropEditor.csproj", "{6BDCF9E5-128F-4DAF-B913-02CCBA5FDBD2}"
EndProject
Project("{FAE04EC0-301F-11D3-BF4B-00C04F79EFBC}") = "Wide", "..\..\WPF_IDE\Wide.csproj", "{9F20F5EF-4F7E-4AE2-A462-4CD2256FB3FF}"
EndProject
Project("{FAE04EC0-301F-11D3-BF4B-00C04F79EFBC}") = "Helper.Utilities", "..\..\Modules\Helper.Utilities\Helper.Utilities.csproj", "{1D6C4A34-6810-4E3B-8312-C9CD0B8004E1}"
EndProject
Project("{FAE04EC0-301F-11D3-BF4B-00C04F79EFBC}") = "Themes.Default", "..\..\Themes\Themes.Default\Themes.Default.csproj", "{DE89D67D-A35E-4958-95BD-101B93D6CA0B}"
EndProject
Project("{FAE04EC0-301F-11D3-BF4B-00C04F79EFBC}") = "DLL.AutoUI", "..\..\Modules\DLL.AutoUI\DLL.AutoUI.csproj", "{776480FC-4729-4D84-949D-95978AC51724}"
EndProject
Project("{FAE04EC0-301F-11D3-BF4B-00C04F79EFBC}") = "DLL.NodeEditor", "..\..\Modules\DLL.NodeEditor\DLL.NodeEditor.csproj", "{8FA439F4-488B-4EEC-BE2F-ECCB602DFB56}"
EndProject
Project("{FAE04EC0-301F-11D3-BF4B-00C04F79EFBC}") = "Module.Tools.Output", "..\..\Modules\Module.Tools.Output\Module.Tools.Output.csproj", "{A9B18AF1-3417-413C-9883-4F8AB74F7ACB}"
EndProject
Project("{FAE04EC0-301F-11D3-BF4B-00C04F79EFBC}") = "OIDE.DAL", "..\OIDE.DAL\OIDE.DAL.csproj", "{4E3441FD-DE10-4751-8CF0-D2DF0C590602}"
EndProject
Project("{FAE04EC0-301F-11D3-BF4B-00C04F79EFBC}") = "OIDE.Animation", "..\OIDE.Animation\OIDE.Animation.csproj", "{BE289554-2B90-4B0A-B762-0D69BE5E7C62}"
EndProject
Project("{2150E333-8FDC-42A3-9474-1A3956D46DE8}") = ".nuget", ".nuget", "{3EEA3974-638F-48AF-9DD9-8DA0981100FF}"
	ProjectSection(SolutionItems) = preProject
		.nuget\NuGet.Config = .nuget\NuGet.Config
		.nuget\NuGet.exe = .nuget\NuGet.exe
		.nuget\NuGet.targets = .nuget\NuGet.targets
	EndProjectSection
EndProject
Global
	GlobalSection(SolutionConfigurationPlatforms) = preSolution
		Debug|Any CPU = Debug|Any CPU
		Release|Any CPU = Release|Any CPU
	EndGlobalSection
	GlobalSection(ProjectConfigurationPlatforms) = postSolution
		{3AF9375C-A620-45CC-8397-8F678BEE0E2B}.Debug|Any CPU.ActiveCfg = Debug|Any CPU
		{3AF9375C-A620-45CC-8397-8F678BEE0E2B}.Debug|Any CPU.Build.0 = Debug|Any CPU
		{3AF9375C-A620-45CC-8397-8F678BEE0E2B}.Release|Any CPU.ActiveCfg = Release|Any CPU
		{3AF9375C-A620-45CC-8397-8F678BEE0E2B}.Release|Any CPU.Build.0 = Release|Any CPU
		{AF583DCA-3BE7-4DB4-9125-81E7FF5934D2}.Debug|Any CPU.ActiveCfg = Debug|Any CPU
		{AF583DCA-3BE7-4DB4-9125-81E7FF5934D2}.Debug|Any CPU.Build.0 = Debug|Any CPU
		{AF583DCA-3BE7-4DB4-9125-81E7FF5934D2}.Release|Any CPU.ActiveCfg = Release|Any CPU
		{AF583DCA-3BE7-4DB4-9125-81E7FF5934D2}.Release|Any CPU.Build.0 = Release|Any CPU
		{ECC54102-681C-4758-9812-3C5EA99D17AC}.Debug|Any CPU.ActiveCfg = Debug|Any CPU
		{ECC54102-681C-4758-9812-3C5EA99D17AC}.Debug|Any CPU.Build.0 = Debug|Any CPU
		{ECC54102-681C-4758-9812-3C5EA99D17AC}.Release|Any CPU.ActiveCfg = Release|Any CPU
		{ECC54102-681C-4758-9812-3C5EA99D17AC}.Release|Any CPU.Build.0 = Release|Any CPU
		{A589197E-E002-4DBA-B27F-DD16B9A81BFA}.Debug|Any CPU.ActiveCfg = Debug|Any CPU
		{A589197E-E002-4DBA-B27F-DD16B9A81BFA}.Debug|Any CPU.Build.0 = Debug|Any CPU
		{A589197E-E002-4DBA-B27F-DD16B9A81BFA}.Release|Any CPU.ActiveCfg = Release|Any CPU
		{A589197E-E002-4DBA-B27F-DD16B9A81BFA}.Release|Any CPU.Build.0 = Release|Any CPU
		{5F4A71C7-8FDA-464F-A200-9F77D862AEF8}.Debug|Any CPU.ActiveCfg = Debug|Any CPU
		{5F4A71C7-8FDA-464F-A200-9F77D862AEF8}.Debug|Any CPU.Build.0 = Debug|Any CPU
		{5F4A71C7-8FDA-464F-A200-9F77D862AEF8}.Release|Any CPU.ActiveCfg = Release|Any CPU
		{5F4A71C7-8FDA-464F-A200-9F77D862AEF8}.Release|Any CPU.Build.0 = Release|Any CPU
		{979E1B6A-60D2-4DBE-A9FB-B66B54E962AB}.Debug|Any CPU.ActiveCfg = Debug|Any CPU
		{979E1B6A-60D2-4DBE-A9FB-B66B54E962AB}.Debug|Any CPU.Build.0 = Debug|Any CPU
		{979E1B6A-60D2-4DBE-A9FB-B66B54E962AB}.Release|Any CPU.ActiveCfg = Release|Any CPU
		{979E1B6A-60D2-4DBE-A9FB-B66B54E962AB}.Release|Any CPU.Build.0 = Release|Any CPU
		{BDD65D63-A9EC-4EA4-8265-A2FAB6601DFA}.Debug|Any CPU.ActiveCfg = Debug|Any CPU
		{BDD65D63-A9EC-4EA4-8265-A2FAB6601DFA}.Debug|Any CPU.Build.0 = Debug|Any CPU
		{BDD65D63-A9EC-4EA4-8265-A2FAB6601DFA}.Release|Any CPU.ActiveCfg = Release|Any CPU
		{BDD65D63-A9EC-4EA4-8265-A2FAB6601DFA}.Release|Any CPU.Build.0 = Release|Any CPU
		{600E958F-0DCE-4D63-BF11-93292B1D8C18}.Debug|Any CPU.ActiveCfg = Debug|Any CPU
		{600E958F-0DCE-4D63-BF11-93292B1D8C18}.Debug|Any CPU.Build.0 = Debug|Any CPU
		{600E958F-0DCE-4D63-BF11-93292B1D8C18}.Release|Any CPU.ActiveCfg = Release|Any CPU
		{600E958F-0DCE-4D63-BF11-93292B1D8C18}.Release|Any CPU.Build.0 = Release|Any CPU
		{EC85E3A5-DF5C-4FF2-BB0D-AAC9CC42D855}.Debug|Any CPU.ActiveCfg = Debug|Any CPU
		{EC85E3A5-DF5C-4FF2-BB0D-AAC9CC42D855}.Debug|Any CPU.Build.0 = Debug|Any CPU
		{EC85E3A5-DF5C-4FF2-BB0D-AAC9CC42D855}.Release|Any CPU.ActiveCfg = Release|Any CPU
		{EC85E3A5-DF5C-4FF2-BB0D-AAC9CC42D855}.Release|Any CPU.Build.0 = Release|Any CPU
		{E9593D0F-6D26-4A0D-9EB4-59EF9EBAB527}.Debug|Any CPU.ActiveCfg = Debug|Any CPU
		{E9593D0F-6D26-4A0D-9EB4-59EF9EBAB527}.Debug|Any CPU.Build.0 = Debug|Any CPU
		{E9593D0F-6D26-4A0D-9EB4-59EF9EBAB527}.Release|Any CPU.ActiveCfg = Release|Any CPU
		{E9593D0F-6D26-4A0D-9EB4-59EF9EBAB527}.Release|Any CPU.Build.0 = Release|Any CPU
		{982D3282-82A0-4586-99ED-F60D2FD67517}.Debug|Any CPU.ActiveCfg = Debug|Any CPU
		{982D3282-82A0-4586-99ED-F60D2FD67517}.Debug|Any CPU.Build.0 = Debug|Any CPU
		{982D3282-82A0-4586-99ED-F60D2FD67517}.Release|Any CPU.ActiveCfg = Release|Any CPU
		{982D3282-82A0-4586-99ED-F60D2FD67517}.Release|Any CPU.Build.0 = Release|Any CPU
		{B12C5D92-D835-49AB-A00A-71A5538409D8}.Debug|Any CPU.ActiveCfg = Debug|Any CPU
		{B12C5D92-D835-49AB-A00A-71A5538409D8}.Debug|Any CPU.Build.0 = Debug|Any CPU
		{B12C5D92-D835-49AB-A00A-71A5538409D8}.Release|Any CPU.ActiveCfg = Release|Any CPU
		{B12C5D92-D835-49AB-A00A-71A5538409D8}.Release|Any CPU.Build.0 = Release|Any CPU
		{CCD23C66-D7EF-42FD-82CF-701E8D59009E}.Debug|Any CPU.ActiveCfg = Debug|Any CPU
		{CCD23C66-D7EF-42FD-82CF-701E8D59009E}.Debug|Any CPU.Build.0 = Debug|Any CPU
		{CCD23C66-D7EF-42FD-82CF-701E8D59009E}.Release|Any CPU.ActiveCfg = Release|Any CPU
		{CCD23C66-D7EF-42FD-82CF-701E8D59009E}.Release|Any CPU.Build.0 = Release|Any CPU
		{0C6674CC-6D49-414A-9B41-D4E175028FFB}.Debug|Any CPU.ActiveCfg = Debug|Any CPU
		{0C6674CC-6D49-414A-9B41-D4E175028FFB}.Debug|Any CPU.Build.0 = Debug|Any CPU
		{0C6674CC-6D49-414A-9B41-D4E175028FFB}.Release|Any CPU.ActiveCfg = Release|Any CPU
		{0C6674CC-6D49-414A-9B41-D4E175028FFB}.Release|Any CPU.Build.0 = Release|Any CPU
		{2523F3DD-8629-41E5-BCC5-79EA9A439E38}.Debug|Any CPU.ActiveCfg = Debug|Any CPU
		{2523F3DD-8629-41E5-BCC5-79EA9A439E38}.Debug|Any CPU.Build.0 = Debug|Any CPU
		{2523F3DD-8629-41E5-BCC5-79EA9A439E38}.Release|Any CPU.ActiveCfg = Release|Any CPU
		{2523F3DD-8629-41E5-BCC5-79EA9A439E38}.Release|Any CPU.Build.0 = Release|Any CPU
		{CB6B9693-8B57-47B1-8DFC-3C46C6A7F291}.Debug|Any CPU.ActiveCfg = Debug|Any CPU
		{CB6B9693-8B57-47B1-8DFC-3C46C6A7F291}.Debug|Any CPU.Build.0 = Debug|Any CPU
		{CB6B9693-8B57-47B1-8DFC-3C46C6A7F291}.Release|Any CPU.ActiveCfg = Release|Any CPU
		{CB6B9693-8B57-47B1-8DFC-3C46C6A7F291}.Release|Any CPU.Build.0 = Release|Any CPU
		{9F3B07C6-7C14-4AFB-BF4B-8EB2FE81D361}.Debug|Any CPU.ActiveCfg = Debug|Any CPU
		{9F3B07C6-7C14-4AFB-BF4B-8EB2FE81D361}.Debug|Any CPU.Build.0 = Debug|Any CPU
		{9F3B07C6-7C14-4AFB-BF4B-8EB2FE81D361}.Release|Any CPU.ActiveCfg = Release|Any CPU
		{9F3B07C6-7C14-4AFB-BF4B-8EB2FE81D361}.Release|Any CPU.Build.0 = Release|Any CPU
		{6BDCF9E5-128F-4DAF-B913-02CCBA5FDBD2}.Debug|Any CPU.ActiveCfg = Debug|Any CPU
		{6BDCF9E5-128F-4DAF-B913-02CCBA5FDBD2}.Debug|Any CPU.Build.0 = Debug|Any CPU
		{6BDCF9E5-128F-4DAF-B913-02CCBA5FDBD2}.Release|Any CPU.ActiveCfg = Release|Any CPU
		{6BDCF9E5-128F-4DAF-B913-02CCBA5FDBD2}.Release|Any CPU.Build.0 = Release|Any CPU
		{9F20F5EF-4F7E-4AE2-A462-4CD2256FB3FF}.Debug|Any CPU.ActiveCfg = Debug|Any CPU
		{9F20F5EF-4F7E-4AE2-A462-4CD2256FB3FF}.Debug|Any CPU.Build.0 = Debug|Any CPU
		{9F20F5EF-4F7E-4AE2-A462-4CD2256FB3FF}.Release|Any CPU.ActiveCfg = Release|Any CPU
		{9F20F5EF-4F7E-4AE2-A462-4CD2256FB3FF}.Release|Any CPU.Build.0 = Release|Any CPU
		{1D6C4A34-6810-4E3B-8312-C9CD0B8004E1}.Debug|Any CPU.ActiveCfg = Debug|Any CPU
		{1D6C4A34-6810-4E3B-8312-C9CD0B8004E1}.Debug|Any CPU.Build.0 = Debug|Any CPU
		{1D6C4A34-6810-4E3B-8312-C9CD0B8004E1}.Release|Any CPU.ActiveCfg = Release|Any CPU
		{1D6C4A34-6810-4E3B-8312-C9CD0B8004E1}.Release|Any CPU.Build.0 = Release|Any CPU
		{DE89D67D-A35E-4958-95BD-101B93D6CA0B}.Debug|Any CPU.ActiveCfg = Debug|Any CPU
		{DE89D67D-A35E-4958-95BD-101B93D6CA0B}.Debug|Any CPU.Build.0 = Debug|Any CPU
		{DE89D67D-A35E-4958-95BD-101B93D6CA0B}.Release|Any CPU.ActiveCfg = Release|Any CPU
		{DE89D67D-A35E-4958-95BD-101B93D6CA0B}.Release|Any CPU.Build.0 = Release|Any CPU
		{776480FC-4729-4D84-949D-95978AC51724}.Debug|Any CPU.ActiveCfg = Debug|Any CPU
		{776480FC-4729-4D84-949D-95978AC51724}.Debug|Any CPU.Build.0 = Debug|Any CPU
		{776480FC-4729-4D84-949D-95978AC51724}.Release|Any CPU.ActiveCfg = Release|Any CPU
		{776480FC-4729-4D84-949D-95978AC51724}.Release|Any CPU.Build.0 = Release|Any CPU
		{8FA439F4-488B-4EEC-BE2F-ECCB602DFB56}.Debug|Any CPU.ActiveCfg = Debug|Any CPU
		{8FA439F4-488B-4EEC-BE2F-ECCB602DFB56}.Debug|Any CPU.Build.0 = Debug|Any CPU
		{8FA439F4-488B-4EEC-BE2F-ECCB602DFB56}.Release|Any CPU.ActiveCfg = Release|Any CPU
		{8FA439F4-488B-4EEC-BE2F-ECCB602DFB56}.Release|Any CPU.Build.0 = Release|Any CPU
		{A9B18AF1-3417-413C-9883-4F8AB74F7ACB}.Debug|Any CPU.ActiveCfg = Debug|Any CPU
		{A9B18AF1-3417-413C-9883-4F8AB74F7ACB}.Debug|Any CPU.Build.0 = Debug|Any CPU
		{A9B18AF1-3417-413C-9883-4F8AB74F7ACB}.Release|Any CPU.ActiveCfg = Release|Any CPU
		{A9B18AF1-3417-413C-9883-4F8AB74F7ACB}.Release|Any CPU.Build.0 = Release|Any CPU
		{4E3441FD-DE10-4751-8CF0-D2DF0C590602}.Debug|Any CPU.ActiveCfg = Debug|Any CPU
		{4E3441FD-DE10-4751-8CF0-D2DF0C590602}.Debug|Any CPU.Build.0 = Debug|Any CPU
		{4E3441FD-DE10-4751-8CF0-D2DF0C590602}.Release|Any CPU.ActiveCfg = Release|Any CPU
		{4E3441FD-DE10-4751-8CF0-D2DF0C590602}.Release|Any CPU.Build.0 = Release|Any CPU
		{BE289554-2B90-4B0A-B762-0D69BE5E7C62}.Debug|Any CPU.ActiveCfg = Debug|Any CPU
		{BE289554-2B90-4B0A-B762-0D69BE5E7C62}.Debug|Any CPU.Build.0 = Debug|Any CPU
		{BE289554-2B90-4B0A-B762-0D69BE5E7C62}.Release|Any CPU.ActiveCfg = Release|Any CPU
		{BE289554-2B90-4B0A-B762-0D69BE5E7C62}.Release|Any CPU.Build.0 = Release|Any CPU
	EndGlobalSection
	GlobalSection(SolutionProperties) = preSolution
		HideSolutionNode = FALSE
	EndGlobalSection
EndGlobal
